
Microsoft Visual Studio Solution File, Format Version 12.00
# Visual Studio Express 2013 for Windows
VisualStudioVersion = 12.0.30324.0
MinimumVisualStudioVersion = 10.0.40219.1
Project("{FAE04EC0-301F-11D3-BF4B-00C04F79EFBC}") = "MediboxSTA", "MediboxSTA\MediboxSTA.csproj", "{7CD7EFE2-E4A7-4D3E-B415-5CBB44C906B8}"
EndProject
Project("{FAE04EC0-301F-11D3-BF4B-00C04F79EFBC}") = "MediboxTests", "MediboxTests\MediboxTests.csproj", "{39B07454-16E8-4A89-B64B-86AC0332EBD1}"
EndProject
Project("{FAE04EC0-301F-11D3-BF4B-00C04F79EFBC}") = "Medibox.WP8", "Medibox.WP8\Medibox.WP8.csproj", "{11318FB6-316E-44CC-9922-228230814D38}"
EndProject
Project("{FAE04EC0-301F-11D3-BF4B-00C04F79EFBC}") = "MediboxLibrary.WP8", "MediboxLibrary.WP8\MediboxLibrary.WP8.csproj", "{C9D36051-CD58-40A3-A775-A278FC83A6EF}"
EndProject
Global
	GlobalSection(SolutionConfigurationPlatforms) = preSolution
		Debug|Any CPU = Debug|Any CPU
		Debug|ARM = Debug|ARM
		Debug|Mixed Platforms = Debug|Mixed Platforms
		Debug|x86 = Debug|x86
		Release|Any CPU = Release|Any CPU
		Release|ARM = Release|ARM
		Release|Mixed Platforms = Release|Mixed Platforms
		Release|x86 = Release|x86
		TRIAL|Any CPU = TRIAL|Any CPU
		TRIAL|ARM = TRIAL|ARM
		TRIAL|Mixed Platforms = TRIAL|Mixed Platforms
		TRIAL|x86 = TRIAL|x86
	EndGlobalSection
	GlobalSection(ProjectConfigurationPlatforms) = postSolution
		{7CD7EFE2-E4A7-4D3E-B415-5CBB44C906B8}.Debug|Any CPU.ActiveCfg = Debug|Any CPU
		{7CD7EFE2-E4A7-4D3E-B415-5CBB44C906B8}.Debug|Any CPU.Build.0 = Debug|Any CPU
		{7CD7EFE2-E4A7-4D3E-B415-5CBB44C906B8}.Debug|ARM.ActiveCfg = Debug|ARM
		{7CD7EFE2-E4A7-4D3E-B415-5CBB44C906B8}.Debug|ARM.Build.0 = Debug|ARM
		{7CD7EFE2-E4A7-4D3E-B415-5CBB44C906B8}.Debug|Mixed Platforms.ActiveCfg = Debug|x86
		{7CD7EFE2-E4A7-4D3E-B415-5CBB44C906B8}.Debug|Mixed Platforms.Build.0 = Debug|x86
		{7CD7EFE2-E4A7-4D3E-B415-5CBB44C906B8}.Debug|x86.ActiveCfg = Debug|x86
		{7CD7EFE2-E4A7-4D3E-B415-5CBB44C906B8}.Debug|x86.Build.0 = Debug|x86
		{7CD7EFE2-E4A7-4D3E-B415-5CBB44C906B8}.Release|Any CPU.ActiveCfg = Release|Any CPU
		{7CD7EFE2-E4A7-4D3E-B415-5CBB44C906B8}.Release|Any CPU.Build.0 = Release|Any CPU
		{7CD7EFE2-E4A7-4D3E-B415-5CBB44C906B8}.Release|ARM.ActiveCfg = Release|ARM
		{7CD7EFE2-E4A7-4D3E-B415-5CBB44C906B8}.Release|ARM.Build.0 = Release|ARM
		{7CD7EFE2-E4A7-4D3E-B415-5CBB44C906B8}.Release|Mixed Platforms.ActiveCfg = Release|x86
		{7CD7EFE2-E4A7-4D3E-B415-5CBB44C906B8}.Release|Mixed Platforms.Build.0 = Release|x86
		{7CD7EFE2-E4A7-4D3E-B415-5CBB44C906B8}.Release|x86.ActiveCfg = Release|x86
		{7CD7EFE2-E4A7-4D3E-B415-5CBB44C906B8}.Release|x86.Build.0 = Release|x86
		{7CD7EFE2-E4A7-4D3E-B415-5CBB44C906B8}.TRIAL|Any CPU.ActiveCfg = TRIAL|Any CPU
		{7CD7EFE2-E4A7-4D3E-B415-5CBB44C906B8}.TRIAL|Any CPU.Build.0 = TRIAL|Any CPU
		{7CD7EFE2-E4A7-4D3E-B415-5CBB44C906B8}.TRIAL|ARM.ActiveCfg = TRIAL|ARM
		{7CD7EFE2-E4A7-4D3E-B415-5CBB44C906B8}.TRIAL|ARM.Build.0 = TRIAL|ARM
		{7CD7EFE2-E4A7-4D3E-B415-5CBB44C906B8}.TRIAL|Mixed Platforms.ActiveCfg = TRIAL|x86
		{7CD7EFE2-E4A7-4D3E-B415-5CBB44C906B8}.TRIAL|Mixed Platforms.Build.0 = TRIAL|x86
		{7CD7EFE2-E4A7-4D3E-B415-5CBB44C906B8}.TRIAL|x86.ActiveCfg = TRIAL|x86
		{7CD7EFE2-E4A7-4D3E-B415-5CBB44C906B8}.TRIAL|x86.Build.0 = TRIAL|x86
		{39B07454-16E8-4A89-B64B-86AC0332EBD1}.Debug|Any CPU.ActiveCfg = Debug|x86
		{39B07454-16E8-4A89-B64B-86AC0332EBD1}.Debug|ARM.ActiveCfg = Debug|ARM
		{39B07454-16E8-4A89-B64B-86AC0332EBD1}.Debug|ARM.Build.0 = Debug|ARM
		{39B07454-16E8-4A89-B64B-86AC0332EBD1}.Debug|ARM.Deploy.0 = Debug|ARM
		{39B07454-16E8-4A89-B64B-86AC0332EBD1}.Debug|Mixed Platforms.ActiveCfg = Debug|x86
		{39B07454-16E8-4A89-B64B-86AC0332EBD1}.Debug|Mixed Platforms.Build.0 = Debug|x86
		{39B07454-16E8-4A89-B64B-86AC0332EBD1}.Debug|Mixed Platforms.Deploy.0 = Debug|x86
		{39B07454-16E8-4A89-B64B-86AC0332EBD1}.Debug|x86.ActiveCfg = Debug|x86
		{39B07454-16E8-4A89-B64B-86AC0332EBD1}.Debug|x86.Build.0 = Debug|x86
		{39B07454-16E8-4A89-B64B-86AC0332EBD1}.Debug|x86.Deploy.0 = Debug|x86
		{39B07454-16E8-4A89-B64B-86AC0332EBD1}.Release|Any CPU.ActiveCfg = Release|x86
		{39B07454-16E8-4A89-B64B-86AC0332EBD1}.Release|ARM.ActiveCfg = Release|ARM
		{39B07454-16E8-4A89-B64B-86AC0332EBD1}.Release|ARM.Build.0 = Release|ARM
		{39B07454-16E8-4A89-B64B-86AC0332EBD1}.Release|ARM.Deploy.0 = Release|ARM
		{39B07454-16E8-4A89-B64B-86AC0332EBD1}.Release|Mixed Platforms.ActiveCfg = Release|x86
		{39B07454-16E8-4A89-B64B-86AC0332EBD1}.Release|Mixed Platforms.Build.0 = Release|x86
		{39B07454-16E8-4A89-B64B-86AC0332EBD1}.Release|Mixed Platforms.Deploy.0 = Release|x86
		{39B07454-16E8-4A89-B64B-86AC0332EBD1}.Release|x86.ActiveCfg = Release|x86
		{39B07454-16E8-4A89-B64B-86AC0332EBD1}.Release|x86.Build.0 = Release|x86
		{39B07454-16E8-4A89-B64B-86AC0332EBD1}.Release|x86.Deploy.0 = Release|x86
		{39B07454-16E8-4A89-B64B-86AC0332EBD1}.TRIAL|Any CPU.ActiveCfg = Release|x86
		{39B07454-16E8-4A89-B64B-86AC0332EBD1}.TRIAL|ARM.ActiveCfg = Release|ARM
		{39B07454-16E8-4A89-B64B-86AC0332EBD1}.TRIAL|ARM.Build.0 = Release|ARM
		{39B07454-16E8-4A89-B64B-86AC0332EBD1}.TRIAL|ARM.Deploy.0 = Release|ARM
		{39B07454-16E8-4A89-B64B-86AC0332EBD1}.TRIAL|Mixed Platforms.ActiveCfg = Release|x86
		{39B07454-16E8-4A89-B64B-86AC0332EBD1}.TRIAL|Mixed Platforms.Build.0 = Release|x86
		{39B07454-16E8-4A89-B64B-86AC0332EBD1}.TRIAL|Mixed Platforms.Deploy.0 = Release|x86
		{39B07454-16E8-4A89-B64B-86AC0332EBD1}.TRIAL|x86.ActiveCfg = Release|x86
		{39B07454-16E8-4A89-B64B-86AC0332EBD1}.TRIAL|x86.Build.0 = Release|x86
		{39B07454-16E8-4A89-B64B-86AC0332EBD1}.TRIAL|x86.Deploy.0 = Release|x86
		{11318FB6-316E-44CC-9922-228230814D38}.Debug|Any CPU.ActiveCfg = Debug|Any CPU
		{11318FB6-316E-44CC-9922-228230814D38}.Debug|Any CPU.Build.0 = Debug|Any CPU
		{11318FB6-316E-44CC-9922-228230814D38}.Debug|Any CPU.Deploy.0 = Debug|Any CPU
		{11318FB6-316E-44CC-9922-228230814D38}.Debug|ARM.ActiveCfg = Debug|ARM
		{11318FB6-316E-44CC-9922-228230814D38}.Debug|ARM.Build.0 = Debug|ARM
		{11318FB6-316E-44CC-9922-228230814D38}.Debug|ARM.Deploy.0 = Debug|ARM
		{11318FB6-316E-44CC-9922-228230814D38}.Debug|Mixed Platforms.ActiveCfg = Debug|x86
		{11318FB6-316E-44CC-9922-228230814D38}.Debug|Mixed Platforms.Build.0 = Debug|x86
		{11318FB6-316E-44CC-9922-228230814D38}.Debug|Mixed Platforms.Deploy.0 = Debug|x86
		{11318FB6-316E-44CC-9922-228230814D38}.Debug|x86.ActiveCfg = Debug|x86
		{11318FB6-316E-44CC-9922-228230814D38}.Debug|x86.Build.0 = Debug|x86
		{11318FB6-316E-44CC-9922-228230814D38}.Debug|x86.Deploy.0 = Debug|x86
		{11318FB6-316E-44CC-9922-228230814D38}.Release|Any CPU.ActiveCfg = Release|Any CPU
		{11318FB6-316E-44CC-9922-228230814D38}.Release|Any CPU.Build.0 = Release|Any CPU
		{11318FB6-316E-44CC-9922-228230814D38}.Release|Any CPU.Deploy.0 = Release|Any CPU
		{11318FB6-316E-44CC-9922-228230814D38}.Release|ARM.ActiveCfg = Release|ARM
		{11318FB6-316E-44CC-9922-228230814D38}.Release|ARM.Build.0 = Release|ARM
		{11318FB6-316E-44CC-9922-228230814D38}.Release|ARM.Deploy.0 = Release|ARM
		{11318FB6-316E-44CC-9922-228230814D38}.Release|Mixed Platforms.ActiveCfg = Release|x86
		{11318FB6-316E-44CC-9922-228230814D38}.Release|Mixed Platforms.Build.0 = Release|x86
		{11318FB6-316E-44CC-9922-228230814D38}.Release|Mixed Platforms.Deploy.0 = Release|x86
		{11318FB6-316E-44CC-9922-228230814D38}.Release|x86.ActiveCfg = Release|x86
		{11318FB6-316E-44CC-9922-228230814D38}.Release|x86.Build.0 = Release|x86
		{11318FB6-316E-44CC-9922-228230814D38}.Release|x86.Deploy.0 = Release|x86
		{11318FB6-316E-44CC-9922-228230814D38}.TRIAL|Any CPU.ActiveCfg = TRIAL|Any CPU
		{11318FB6-316E-44CC-9922-228230814D38}.TRIAL|Any CPU.Build.0 = TRIAL|Any CPU
		{11318FB6-316E-44CC-9922-228230814D38}.TRIAL|Any CPU.Deploy.0 = TRIAL|Any CPU
		{11318FB6-316E-44CC-9922-228230814D38}.TRIAL|ARM.ActiveCfg = TRIAL|ARM
		{11318FB6-316E-44CC-9922-228230814D38}.TRIAL|ARM.Build.0 = TRIAL|ARM
		{11318FB6-316E-44CC-9922-228230814D38}.TRIAL|ARM.Deploy.0 = TRIAL|ARM
		{11318FB6-316E-44CC-9922-228230814D38}.TRIAL|Mixed Platforms.ActiveCfg = TRIAL|x86
		{11318FB6-316E-44CC-9922-228230814D38}.TRIAL|Mixed Platforms.Build.0 = TRIAL|x86
		{11318FB6-316E-44CC-9922-228230814D38}.TRIAL|Mixed Platforms.Deploy.0 = TRIAL|x86
		{11318FB6-316E-44CC-9922-228230814D38}.TRIAL|x86.ActiveCfg = TRIAL|x86
		{11318FB6-316E-44CC-9922-228230814D38}.TRIAL|x86.Build.0 = TRIAL|x86
		{11318FB6-316E-44CC-9922-228230814D38}.TRIAL|x86.Deploy.0 = TRIAL|x86
		{C9D36051-CD58-40A3-A775-A278FC83A6EF}.Debug|Any CPU.ActiveCfg = Debug|Any CPU
		{C9D36051-CD58-40A3-A775-A278FC83A6EF}.Debug|Any CPU.Build.0 = Debug|Any CPU
		{C9D36051-CD58-40A3-A775-A278FC83A6EF}.Debug|ARM.ActiveCfg = Debug|ARM
		{C9D36051-CD58-40A3-A775-A278FC83A6EF}.Debug|ARM.Build.0 = Debug|ARM
		{C9D36051-CD58-40A3-A775-A278FC83A6EF}.Debug|Mixed Platforms.ActiveCfg = Debug|x86
		{C9D36051-CD58-40A3-A775-A278FC83A6EF}.Debug|Mixed Platforms.Build.0 = Debug|x86
		{C9D36051-CD58-40A3-A775-A278FC83A6EF}.Debug|x86.ActiveCfg = Debug|x86
		{C9D36051-CD58-40A3-A775-A278FC83A6EF}.Debug|x86.Build.0 = Debug|x86
		{C9D36051-CD58-40A3-A775-A278FC83A6EF}.Release|Any CPU.ActiveCfg = Release|Any CPU
		{C9D36051-CD58-40A3-A775-A278FC83A6EF}.Release|Any CPU.Build.0 = Release|Any CPU
		{C9D36051-CD58-40A3-A775-A278FC83A6EF}.Release|ARM.ActiveCfg = Release|ARM
		{C9D36051-CD58-40A3-A775-A278FC83A6EF}.Release|ARM.Build.0 = Release|ARM
		{C9D36051-CD58-40A3-A775-A278FC83A6EF}.Release|Mixed Platforms.ActiveCfg = Release|x86
		{C9D36051-CD58-40A3-A775-A278FC83A6EF}.Release|Mixed Platforms.Build.0 = Release|x86
		{C9D36051-CD58-40A3-A775-A278FC83A6EF}.Release|x86.ActiveCfg = Release|x86
		{C9D36051-CD58-40A3-A775-A278FC83A6EF}.Release|x86.Build.0 = Release|x86
		{C9D36051-CD58-40A3-A775-A278FC83A6EF}.TRIAL|Any CPU.ActiveCfg = TRIAL|Any CPU
		{C9D36051-CD58-40A3-A775-A278FC83A6EF}.TRIAL|Any CPU.Build.0 = TRIAL|Any CPU
		{C9D36051-CD58-40A3-A775-A278FC83A6EF}.TRIAL|ARM.ActiveCfg = TRIAL|ARM
		{C9D36051-CD58-40A3-A775-A278FC83A6EF}.TRIAL|ARM.Build.0 = TRIAL|ARM
		{C9D36051-CD58-40A3-A775-A278FC83A6EF}.TRIAL|Mixed Platforms.ActiveCfg = TRIAL|x86
		{C9D36051-CD58-40A3-A775-A278FC83A6EF}.TRIAL|Mixed Platforms.Build.0 = TRIAL|x86
		{C9D36051-CD58-40A3-A775-A278FC83A6EF}.TRIAL|x86.ActiveCfg = TRIAL|x86
		{C9D36051-CD58-40A3-A775-A278FC83A6EF}.TRIAL|x86.Build.0 = TRIAL|x86
	EndGlobalSection
	GlobalSection(SolutionProperties) = preSolution
		HideSolutionNode = FALSE
	EndGlobalSection
EndGlobal
